// !$*UTF8*$!
{
	archiveVersion = 1;
	classes = {
	};
	objectVersion = 50;
	objects = {

/* Begin PBXBuildFile section */
		711EF1BF2550B446007E2DAB /* IRDBTableViewController.swift in Sources */ = {isa = PBXBuildFile; fileRef = 711EF1BE2550B446007E2DAB /* IRDBTableViewController.swift */; };
		716F459E25506BF700E8A1B7 /* AppDelegate.swift in Sources */ = {isa = PBXBuildFile; fileRef = 716F459D25506BF700E8A1B7 /* AppDelegate.swift */; };
		716F45A025506BF700E8A1B7 /* SceneDelegate.swift in Sources */ = {isa = PBXBuildFile; fileRef = 716F459F25506BF700E8A1B7 /* SceneDelegate.swift */; };
		716F45A225506BF700E8A1B7 /* DetailViewController.swift in Sources */ = {isa = PBXBuildFile; fileRef = 716F45A125506BF700E8A1B7 /* DetailViewController.swift */; };
		716F45A525506BF700E8A1B7 /* Main.storyboard in Resources */ = {isa = PBXBuildFile; fileRef = 716F45A325506BF700E8A1B7 /* Main.storyboard */; };
		716F45A725506BF900E8A1B7 /* Assets.xcassets in Resources */ = {isa = PBXBuildFile; fileRef = 716F45A625506BF900E8A1B7 /* Assets.xcassets */; };
		716F45AA25506BF900E8A1B7 /* LaunchScreen.storyboard in Resources */ = {isa = PBXBuildFile; fileRef = 716F45A825506BF900E8A1B7 /* LaunchScreen.storyboard */; };
		719DB0C42550C29D00FFB0FD /* DataController.swift in Sources */ = {isa = PBXBuildFile; fileRef = 719DB0C32550C29D00FFB0FD /* DataController.swift */; };
		719DB0C72550C2AF00FFB0FD /* MediaDataModel.swift in Sources */ = {isa = PBXBuildFile; fileRef = 719DB0C62550C2AF00FFB0FD /* MediaDataModel.swift */; };
		71BB19562550E3CB00DFFC01 /* CastTableViewController.swift in Sources */ = {isa = PBXBuildFile; fileRef = 71BB19552550E3CB00DFFC01 /* CastTableViewController.swift */; };
/* End PBXBuildFile section */

/* Begin PBXFileReference section */
		711EF1BE2550B446007E2DAB /* IRDBTableViewController.swift */ = {isa = PBXFileReference; lastKnownFileType = sourcecode.swift; path = IRDBTableViewController.swift; sourceTree = "<group>"; };
		716F459A25506BF700E8A1B7 /* IRDB_NM.app */ = {isa = PBXFileReference; explicitFileType = wrapper.application; includeInIndex = 0; path = IRDB_NM.app; sourceTree = BUILT_PRODUCTS_DIR; };
		716F459D25506BF700E8A1B7 /* AppDelegate.swift */ = {isa = PBXFileReference; lastKnownFileType = sourcecode.swift; path = AppDelegate.swift; sourceTree = "<group>"; };
		716F459F25506BF700E8A1B7 /* SceneDelegate.swift */ = {isa = PBXFileReference; lastKnownFileType = sourcecode.swift; path = SceneDelegate.swift; sourceTree = "<group>"; };
		716F45A125506BF700E8A1B7 /* DetailViewController.swift */ = {isa = PBXFileReference; lastKnownFileType = sourcecode.swift; path = DetailViewController.swift; sourceTree = "<group>"; };
		716F45A425506BF700E8A1B7 /* Base */ = {isa = PBXFileReference; lastKnownFileType = file.storyboard; name = Base; path = Base.lproj/Main.storyboard; sourceTree = "<group>"; };
		716F45A625506BF900E8A1B7 /* Assets.xcassets */ = {isa = PBXFileReference; lastKnownFileType = folder.assetcatalog; path = Assets.xcassets; sourceTree = "<group>"; };
		716F45A925506BF900E8A1B7 /* Base */ = {isa = PBXFileReference; lastKnownFileType = file.storyboard; name = Base; path = Base.lproj/LaunchScreen.storyboard; sourceTree = "<group>"; };
		716F45AB25506BF900E8A1B7 /* Info.plist */ = {isa = PBXFileReference; lastKnownFileType = text.plist.xml; path = Info.plist; sourceTree = "<group>"; };
		719DB0C32550C29D00FFB0FD /* DataController.swift */ = {isa = PBXFileReference; lastKnownFileType = sourcecode.swift; path = DataController.swift; sourceTree = "<group>"; };
		719DB0C62550C2AF00FFB0FD /* MediaDataModel.swift */ = {isa = PBXFileReference; lastKnownFileType = sourcecode.swift; path = MediaDataModel.swift; sourceTree = "<group>"; };
		71BB19552550E3CB00DFFC01 /* CastTableViewController.swift */ = {isa = PBXFileReference; lastKnownFileType = sourcecode.swift; path = CastTableViewController.swift; sourceTree = "<group>"; };
/* End PBXFileReference section */

/* Begin PBXFrameworksBuildPhase section */
		716F459725506BF700E8A1B7 /* Frameworks */ = {
			isa = PBXFrameworksBuildPhase;
			buildActionMask = 2147483647;
			files = (
			);
			runOnlyForDeploymentPostprocessing = 0;
		};
/* End PBXFrameworksBuildPhase section */

/* Begin PBXGroup section */
		716F459125506BF700E8A1B7 = {
			isa = PBXGroup;
			children = (
				716F459C25506BF700E8A1B7 /* IRDB_NM */,
				716F459B25506BF700E8A1B7 /* Products */,
			);
			sourceTree = "<group>";
		};
		716F459B25506BF700E8A1B7 /* Products */ = {
			isa = PBXGroup;
			children = (
				716F459A25506BF700E8A1B7 /* IRDB_NM.app */,
			);
			name = Products;
			sourceTree = "<group>";
		};
		716F459C25506BF700E8A1B7 /* IRDB_NM */ = {
			isa = PBXGroup;
			children = (
				716F459D25506BF700E8A1B7 /* AppDelegate.swift */,
				716F459F25506BF700E8A1B7 /* SceneDelegate.swift */,
				716F45A125506BF700E8A1B7 /* DetailViewController.swift */,
				716F45A325506BF700E8A1B7 /* Main.storyboard */,
				716F45A625506BF900E8A1B7 /* Assets.xcassets */,
				716F45A825506BF900E8A1B7 /* LaunchScreen.storyboard */,
				716F45AB25506BF900E8A1B7 /* Info.plist */,
				711EF1BE2550B446007E2DAB /* IRDBTableViewController.swift */,
				719DB0C32550C29D00FFB0FD /* DataController.swift */,
				719DB0C62550C2AF00FFB0FD /* MediaDataModel.swift */,
				71BB19552550E3CB00DFFC01 /* CastTableViewController.swift */,
			);
			path = IRDB_NM;
			sourceTree = "<group>";
		};
/* End PBXGroup section */

/* Begin PBXNativeTarget section */
		716F459925506BF700E8A1B7 /* IRDB_NM */ = {
			isa = PBXNativeTarget;
			buildConfigurationList = 716F45AE25506BF900E8A1B7 /* Build configuration list for PBXNativeTarget "IRDB_NM" */;
			buildPhases = (
				716F459625506BF700E8A1B7 /* Sources */,
				716F459725506BF700E8A1B7 /* Frameworks */,
				716F459825506BF700E8A1B7 /* Resources */,
			);
			buildRules = (
			);
			dependencies = (
			);
			name = IRDB_NM;
			productName = IRDB_NM;
			productReference = 716F459A25506BF700E8A1B7 /* IRDB_NM.app */;
			productType = "com.apple.product-type.application";
		};
/* End PBXNativeTarget section */

/* Begin PBXProject section */
		716F459225506BF700E8A1B7 /* Project object */ = {
			isa = PBXProject;
			attributes = {
				LastSwiftUpdateCheck = 1200;
				LastUpgradeCheck = 1200;
				TargetAttributes = {
					716F459925506BF700E8A1B7 = {
						CreatedOnToolsVersion = 12.0.1;
					};
				};
			};
			buildConfigurationList = 716F459525506BF700E8A1B7 /* Build configuration list for PBXProject "IRDB_NM" */;
			compatibilityVersion = "Xcode 9.3";
			developmentRegion = en;
			hasScannedForEncodings = 0;
			knownRegions = (
				en,
				Base,
			);
			mainGroup = 716F459125506BF700E8A1B7;
			productRefGroup = 716F459B25506BF700E8A1B7 /* Products */;
			projectDirPath = "";
			projectRoot = "";
			targets = (
				716F459925506BF700E8A1B7 /* IRDB_NM */,
			);
		};
/* End PBXProject section */

/* Begin PBXResourcesBuildPhase section */
		716F459825506BF700E8A1B7 /* Resources */ = {
			isa = PBXResourcesBuildPhase;
			buildActionMask = 2147483647;
			files = (
				716F45AA25506BF900E8A1B7 /* LaunchScreen.storyboard in Resources */,
				716F45A725506BF900E8A1B7 /* Assets.xcassets in Resources */,
				716F45A525506BF700E8A1B7 /* Main.storyboard in Resources */,
			);
			runOnlyForDeploymentPostprocessing = 0;
		};
/* End PBXResourcesBuildPhase section */

/* Begin PBXSourcesBuildPhase section */
		716F459625506BF700E8A1B7 /* Sources */ = {
			isa = PBXSourcesBuildPhase;
			buildActionMask = 2147483647;
			files = (
				719DB0C42550C29D00FFB0FD /* DataController.swift in Sources */,
				711EF1BF2550B446007E2DAB /* IRDBTableViewController.swift in Sources */,
				71BB19562550E3CB00DFFC01 /* CastTableViewController.swift in Sources */,
				719DB0C72550C2AF00FFB0FD /* MediaDataModel.swift in Sources */,
				716F45A225506BF700E8A1B7 /* DetailViewController.swift in Sources */,
				716F459E25506BF700E8A1B7 /* AppDelegate.swift in Sources */,
				716F45A025506BF700E8A1B7 /* SceneDelegate.swift in Sources */,
			);
			runOnlyForDeploymentPostprocessing = 0;
		};
/* End PBXSourcesBuildPhase section */

/* Begin PBXVariantGroup section */
		716F45A325506BF700E8A1B7 /* Main.storyboard */ = {
			isa = PBXVariantGroup;
			children = (
				716F45A425506BF700E8A1B7 /* Base */,
			);
			name = Main.storyboard;
			sourceTree = "<group>";
		};
		716F45A825506BF900E8A1B7 /* LaunchScreen.storyboard */ = {
			isa = PBXVariantGroup;
			children = (
				716F45A925506BF900E8A1B7 /* Base */,
			);
			name = LaunchScreen.storyboard;
			sourceTree = "<group>";
		};
/* End PBXVariantGroup section */

/* Begin XCBuildConfiguration section */
		716F45AC25506BF900E8A1B7 /* Debug */ = {
			isa = XCBuildConfiguration;
			buildSettings = {
				ALWAYS_SEARCH_USER_PATHS = NO;
				CLANG_ANALYZER_NONNULL = YES;
				CLANG_ANALYZER_NUMBER_OBJECT_CONVERSION = YES_AGGRESSIVE;
				CLANG_CXX_LANGUAGE_STANDARD = "gnu++14";
				CLANG_CXX_LIBRARY = "libc++";
				CLANG_ENABLE_MODULES = YES;
				CLANG_ENABLE_OBJC_ARC = YES;
				CLANG_ENABLE_OBJC_WEAK = YES;
				CLANG_WARN_BLOCK_CAPTURE_AUTORELEASING = YES;
				CLANG_WARN_BOOL_CONVERSION = YES;
				CLANG_WARN_COMMA = YES;
				CLANG_WARN_CONSTANT_CONVERSION = YES;
				CLANG_WARN_DEPRECATED_OBJC_IMPLEMENTATIONS = YES;
				CLANG_WARN_DIRECT_OBJC_ISA_USAGE = YES_ERROR;
				CLANG_WARN_DOCUMENTATION_COMMENTS = YES;
				CLANG_WARN_EMPTY_BODY = YES;
				CLANG_WARN_ENUM_CONVERSION = YES;
				CLANG_WARN_INFINITE_RECURSION = YES;
				CLANG_WARN_INT_CONVERSION = YES;
				CLANG_WARN_NON_LITERAL_NULL_CONVERSION = YES;
				CLANG_WARN_OBJC_IMPLICIT_RETAIN_SELF = YES;
				CLANG_WARN_OBJC_LITERAL_CONVERSION = YES;
				CLANG_WARN_OBJC_ROOT_CLASS = YES_ERROR;
				CLANG_WARN_QUOTED_INCLUDE_IN_FRAMEWORK_HEADER = YES;
				CLANG_WARN_RANGE_LOOP_ANALYSIS = YES;
				CLANG_WARN_STRICT_PROTOTYPES = YES;
				CLANG_WARN_SUSPICIOUS_MOVE = YES;
				CLANG_WARN_UNGUARDED_AVAILABILITY = YES_AGGRESSIVE;
				CLANG_WARN_UNREACHABLE_CODE = YES;
				CLANG_WARN__DUPLICATE_METHOD_MATCH = YES;
				COPY_PHASE_STRIP = NO;
				DEBUG_INFORMATION_FORMAT = dwarf;
				ENABLE_STRICT_OBJC_MSGSEND = YES;
				ENABLE_TESTABILITY = YES;
				GCC_C_LANGUAGE_STANDARD = gnu11;
				GCC_DYNAMIC_NO_PIC = NO;
				GCC_NO_COMMON_BLOCKS = YES;
				GCC_OPTIMIZATION_LEVEL = 0;
				GCC_PREPROCESSOR_DEFINITIONS = (
					"DEBUG=1",
					"$(inherited)",
				);
				GCC_WARN_64_TO_32_BIT_CONVERSION = YES;
				GCC_WARN_ABOUT_RETURN_TYPE = YES_ERROR;
				GCC_WARN_UNDECLARED_SELECTOR = YES;
				GCC_WARN_UNINITIALIZED_AUTOS = YES_AGGRESSIVE;
				GCC_WARN_UNUSED_FUNCTION = YES;
				GCC_WARN_UNUSED_VARIABLE = YES;
				IPHONEOS_DEPLOYMENT_TARGET = 14.0;
				MTL_ENABLE_DEBUG_INFO = INCLUDE_SOURCE;
				MTL_FAST_MATH = YES;
				ONLY_ACTIVE_ARCH = YES;
				SDKROOT = iphoneos;
				SWIFT_ACTIVE_COMPILATION_CONDITIONS = DEBUG;
				SWIFT_OPTIMIZATION_LEVEL = "-Onone";
			};
			name = Debug;
		};
		716F45AD25506BF900E8A1B7 /* Release */ = {
			isa = XCBuildConfiguration;
			buildSettings = {
				ALWAYS_SEARCH_USER_PATHS = NO;
				CLANG_ANALYZER_NONNULL = YES;
				CLANG_ANALYZER_NUMBER_OBJECT_CONVERSION = YES_AGGRESSIVE;
				CLANG_CXX_LANGUAGE_STANDARD = "gnu++14";
				CLANG_CXX_LIBRARY = "libc++";
				CLANG_ENABLE_MODULES = YES;
				CLANG_ENABLE_OBJC_ARC = YES;
				CLANG_ENABLE_OBJC_WEAK = YES;
				CLANG_WARN_BLOCK_CAPTURE_AUTORELEASING = YES;
				CLANG_WARN_BOOL_CONVERSION = YES;
				CLANG_WARN_COMMA = YES;
				CLANG_WARN_CONSTANT_CONVERSION = YES;
				CLANG_WARN_DEPRECATED_OBJC_IMPLEMENTATIONS = YES;
				CLANG_WARN_DIRECT_OBJC_ISA_USAGE = YES_ERROR;
				CLANG_WARN_DOCUMENTATION_COMMENTS = YES;
				CLANG_WARN_EMPTY_BODY = YES;
				CLANG_WARN_ENUM_CONVERSION = YES;
				CLANG_WARN_INFINITE_RECURSION = YES;
				CLANG_WARN_INT_CONVERSION = YES;
				CLANG_WARN_NON_LITERAL_NULL_CONVERSION = YES;
				CLANG_WARN_OBJC_IMPLICIT_RETAIN_SELF = YES;
				CLANG_WARN_OBJC_LITERAL_CONVERSION = YES;
				CLANG_WARN_OBJC_ROOT_CLASS = YES_ERROR;
				CLANG_WARN_QUOTED_INCLUDE_IN_FRAMEWORK_HEADER = YES;
				CLANG_WARN_RANGE_LOOP_ANALYSIS = YES;
				CLANG_WARN_STRICT_PROTOTYPES = YES;
				CLANG_WARN_SUSPICIOUS_MOVE = YES;
				CLANG_WARN_UNGUARDED_AVAILABILITY = YES_AGGRESSIVE;
				CLANG_WARN_UNREACHABLE_CODE = YES;
				CLANG_WARN__DUPLICATE_METHOD_MATCH = YES;
				COPY_PHASE_STRIP = NO;
				DEBUG_INFORMATION_FORMAT = "dwarf-with-dsym";
				ENABLE_NS_ASSERTIONS = NO;
				ENABLE_STRICT_OBJC_MSGSEND = YES;
				GCC_C_LANGUAGE_STANDARD = gnu11;
				GCC_NO_COMMON_BLOCKS = YES;
				GCC_WARN_64_TO_32_BIT_CONVERSION = YES;
				GCC_WARN_ABOUT_RETURN_TYPE = YES_ERROR;
				GCC_WARN_UNDECLARED_SELECTOR = YES;
				GCC_WARN_UNINITIALIZED_AUTOS = YES_AGGRESSIVE;
				GCC_WARN_UNUSED_FUNCTION = YES;
				GCC_WARN_UNUSED_VARIABLE = YES;
				IPHONEOS_DEPLOYMENT_TARGET = 14.0;
				MTL_ENABLE_DEBUG_INFO = NO;
				MTL_FAST_MATH = YES;
				SDKROOT = iphoneos;
				SWIFT_COMPILATION_MODE = wholemodule;
				SWIFT_OPTIMIZATION_LEVEL = "-O";
				VALIDATE_PRODUCT = YES;
			};
			name = Release;
		};
		716F45AF25506BF900E8A1B7 /* Debug */ = {
			isa = XCBuildConfiguration;
			buildSettings = {
				ASSETCATALOG_COMPILER_APPICON_NAME = AppIcon;
				ASSETCATALOG_COMPILER_GLOBAL_ACCENT_COLOR_NAME = AccentColor;
				CODE_SIGN_STYLE = Automatic;
				INFOPLIST_FILE = IRDB_NM/Info.plist;
				LD_RUNPATH_SEARCH_PATHS = (
					"$(inherited)",
					"@executable_path/Frameworks",
				);
				PRODUCT_BUNDLE_IDENTIFIER = "com.IRDB-NM";
				PRODUCT_NAME = "$(TARGET_NAME)";
				SWIFT_VERSION = 5.0;
				TARGETED_DEVICE_FAMILY = "1,2";
			};
			name = Debug;
		};
		716F45B025506BF900E8A1B7 /* Release */ = {
			isa = XCBuildConfiguration;
			buildSettings = {
				ASSETCATALOG_COMPILER_APPICON_NAME = AppIcon;
				ASSETCATALOG_COMPILER_GLOBAL_ACCENT_COLOR_NAME = AccentColor;
				CODE_SIGN_STYLE = Automatic;
				INFOPLIST_FILE = IRDB_NM/Info.plist;
				LD_RUNPATH_SEARCH_PATHS = (
					"$(inherited)",
					"@executable_path/Frameworks",
				);
				PRODUCT_BUNDLE_IDENTIFIER = "com.IRDB-NM";
				PRODUCT_NAME = "$(TARGET_NAME)";
				SWIFT_VERSION = 5.0;
				TARGETED_DEVICE_FAMILY = "1,2";
			};
			name = Release;
		};
/* End XCBuildConfiguration section */

/* Begin XCConfigurationList section */
		716F459525506BF700E8A1B7 /* Build configuration list for PBXProject "IRDB_NM" */ = {
			isa = XCConfigurationList;
			buildConfigurations = (
				716F45AC25506BF900E8A1B7 /* Debug */,
				716F45AD25506BF900E8A1B7 /* Release */,
			);
			defaultConfigurationIsVisible = 0;
			defaultConfigurationName = Release;
		};
		716F45AE25506BF900E8A1B7 /* Build configuration list for PBXNativeTarget "IRDB_NM" */ = {
			isa = XCConfigurationList;
			buildConfigurations = (
				716F45AF25506BF900E8A1B7 /* Debug */,
				716F45B025506BF900E8A1B7 /* Release */,
			);
			defaultConfigurationIsVisible = 0;
			defaultConfigurationName = Release;
		};
/* End XCConfigurationList section */
	};
	rootObject = 716F459225506BF700E8A1B7 /* Project object */;
}
